// !$*UTF8*$!
{
	archiveVersion = 1;
	classes = {
	};
	objectVersion = 46;
	objects = {

/* Begin PBXBuildFile section */
		A5187986153BE9DD000335ED /* Facebook.m in Sources */ = {isa = PBXBuildFile; fileRef = A518796F153BE9DD000335ED /* Facebook.m */; };
		A5187987153BE9DD000335ED /* FBDialog.bundle in Resources */ = {isa = PBXBuildFile; fileRef = A5187971153BE9DD000335ED /* FBDialog.bundle */; };
		A5187988153BE9DD000335ED /* FBDialog.m in Sources */ = {isa = PBXBuildFile; fileRef = A5187973153BE9DD000335ED /* FBDialog.m */; };
		A5187989153BE9DD000335ED /* FBLoginDialog.m in Sources */ = {isa = PBXBuildFile; fileRef = A5187975153BE9DD000335ED /* FBLoginDialog.m */; };
		A518798A153BE9DD000335ED /* FBRequest.m in Sources */ = {isa = PBXBuildFile; fileRef = A5187977153BE9DD000335ED /* FBRequest.m */; };
		A518798B153BE9DD000335ED /* NSObject+SBJSON.m in Sources */ = {isa = PBXBuildFile; fileRef = A518797B153BE9DD000335ED /* NSObject+SBJSON.m */; };
		A518798C153BE9DD000335ED /* NSString+SBJSON.m in Sources */ = {isa = PBXBuildFile; fileRef = A518797D153BE9DD000335ED /* NSString+SBJSON.m */; };
		A518798D153BE9DD000335ED /* SBJSON.m in Sources */ = {isa = PBXBuildFile; fileRef = A518797F153BE9DD000335ED /* SBJSON.m */; };
		A518798E153BE9DD000335ED /* SBJsonBase.m in Sources */ = {isa = PBXBuildFile; fileRef = A5187981153BE9DD000335ED /* SBJsonBase.m */; };
		A518798F153BE9DD000335ED /* SBJsonParser.m in Sources */ = {isa = PBXBuildFile; fileRef = A5187983153BE9DD000335ED /* SBJsonParser.m */; };
		A5187990153BE9DD000335ED /* SBJsonWriter.m in Sources */ = {isa = PBXBuildFile; fileRef = A5187985153BE9DD000335ED /* SBJsonWriter.m */; };
		A5E0847B15382EFA00007A69 /* UIKit.framework in Frameworks */ = {isa = PBXBuildFile; fileRef = A5E0847A15382EFA00007A69 /* UIKit.framework */; };
		A5E0847D15382EFA00007A69 /* Foundation.framework in Frameworks */ = {isa = PBXBuildFile; fileRef = A5E0847C15382EFA00007A69 /* Foundation.framework */; };
		A5E0847F15382EFA00007A69 /* CoreGraphics.framework in Frameworks */ = {isa = PBXBuildFile; fileRef = A5E0847E15382EFA00007A69 /* CoreGraphics.framework */; };
		A5E0848115382EFA00007A69 /* CoreData.framework in Frameworks */ = {isa = PBXBuildFile; fileRef = A5E0848015382EFA00007A69 /* CoreData.framework */; };
		A5E0848715382EFA00007A69 /* InfoPlist.strings in Resources */ = {isa = PBXBuildFile; fileRef = A5E0848515382EFA00007A69 /* InfoPlist.strings */; };
		A5E0848A15382EFA00007A69 /* main.m in Sources */ = {isa = PBXBuildFile; fileRef = A5E0848915382EFA00007A69 /* main.m */; };
		A5E0848D15382EFA00007A69 /* ZLuvContractAppDelegate.m in Sources */ = {isa = PBXBuildFile; fileRef = A5E0848C15382EFA00007A69 /* ZLuvContractAppDelegate.m */; };
		A5E0849015382EFA00007A69 /* MainWindow.xib in Resources */ = {isa = PBXBuildFile; fileRef = A5E0848E15382EFA00007A69 /* MainWindow.xib */; };
		A5E0849315382EFA00007A69 /* ZLuvContract.xcdatamodeld in Sources */ = {isa = PBXBuildFile; fileRef = A5E0849115382EFA00007A69 /* ZLuvContract.xcdatamodeld */; };
		A5E0849B15382F1C00007A69 /* RootViewController.m in Sources */ = {isa = PBXBuildFile; fileRef = A5E0849A15382F1C00007A69 /* RootViewController.m */; };
		A5E084C3153832A800007A69 /* blue.png in Resources */ = {isa = PBXBuildFile; fileRef = A5E084B6153832A800007A69 /* blue.png */; };
		A5E084C4153832A800007A69 /* sepia.png in Resources */ = {isa = PBXBuildFile; fileRef = A5E084B7153832A800007A69 /* sepia.png */; };
		A5E084C5153832A800007A69 /* 1.jpg in Resources */ = {isa = PBXBuildFile; fileRef = A5E084B9153832A800007A69 /* 1.jpg */; };
		A5E084C6153832A800007A69 /* 2.jpeg in Resources */ = {isa = PBXBuildFile; fileRef = A5E084BA153832A800007A69 /* 2.jpeg */; };
		A5E084C7153832A800007A69 /* 3.jpg in Resources */ = {isa = PBXBuildFile; fileRef = A5E084BB153832A800007A69 /* 3.jpg */; };
		A5E084C8153832A800007A69 /* 4.jpg in Resources */ = {isa = PBXBuildFile; fileRef = A5E084BC153832A800007A69 /* 4.jpg */; };
		A5E084C9153832A800007A69 /* bunny.png in Resources */ = {isa = PBXBuildFile; fileRef = A5E084BE153832A800007A69 /* bunny.png */; };
		A5E084CA153832A800007A69 /* heart.png in Resources */ = {isa = PBXBuildFile; fileRef = A5E084BF153832A800007A69 /* heart.png */; };
		A5E084CB153832A800007A69 /* patrickstar.png in Resources */ = {isa = PBXBuildFile; fileRef = A5E084C0153832A800007A69 /* patrickstar.png */; };
		A5E084CC153832A800007A69 /* spongebob.png in Resources */ = {isa = PBXBuildFile; fileRef = A5E084C1153832A800007A69 /* spongebob.png */; };
		A5E084CD153832A800007A69 /* star.png in Resources */ = {isa = PBXBuildFile; fileRef = A5E084C2153832A800007A69 /* star.png */; };
		A5E084D1153839D600007A69 /* FrameViewController.m in Sources */ = {isa = PBXBuildFile; fileRef = A5E084D0153839D600007A69 /* FrameViewController.m */; };
		A5F2F1D715450F1100D7E954 /* GlobalData.m in Sources */ = {isa = PBXBuildFile; fileRef = A5F2F1D615450F1100D7E954 /* GlobalData.m */; };
/* End PBXBuildFile section */

/* Begin PBXFileReference section */
		A518796E153BE9DD000335ED /* Facebook.h */ = {isa = PBXFileReference; fileEncoding = 4; lastKnownFileType = sourcecode.c.h; path = Facebook.h; sourceTree = "<group>"; };
		A518796F153BE9DD000335ED /* Facebook.m */ = {isa = PBXFileReference; fileEncoding = 4; lastKnownFileType = sourcecode.c.objc; path = Facebook.m; sourceTree = "<group>"; };
		A5187970153BE9DD000335ED /* FBConnect.h */ = {isa = PBXFileReference; fileEncoding = 4; lastKnownFileType = sourcecode.c.h; path = FBConnect.h; sourceTree = "<group>"; };
		A5187971153BE9DD000335ED /* FBDialog.bundle */ = {isa = PBXFileReference; lastKnownFileType = "wrapper.plug-in"; path = FBDialog.bundle; sourceTree = "<group>"; };
		A5187972153BE9DD000335ED /* FBDialog.h */ = {isa = PBXFileReference; fileEncoding = 4; lastKnownFileType = sourcecode.c.h; path = FBDialog.h; sourceTree = "<group>"; };
		A5187973153BE9DD000335ED /* FBDialog.m */ = {isa = PBXFileReference; fileEncoding = 4; lastKnownFileType = sourcecode.c.objc; path = FBDialog.m; sourceTree = "<group>"; };
		A5187974153BE9DD000335ED /* FBLoginDialog.h */ = {isa = PBXFileReference; fileEncoding = 4; lastKnownFileType = sourcecode.c.h; path = FBLoginDialog.h; sourceTree = "<group>"; };
		A5187975153BE9DD000335ED /* FBLoginDialog.m */ = {isa = PBXFileReference; fileEncoding = 4; lastKnownFileType = sourcecode.c.objc; path = FBLoginDialog.m; sourceTree = "<group>"; };
		A5187976153BE9DD000335ED /* FBRequest.h */ = {isa = PBXFileReference; fileEncoding = 4; lastKnownFileType = sourcecode.c.h; path = FBRequest.h; sourceTree = "<group>"; };
		A5187977153BE9DD000335ED /* FBRequest.m */ = {isa = PBXFileReference; fileEncoding = 4; lastKnownFileType = sourcecode.c.objc; path = FBRequest.m; sourceTree = "<group>"; };
		A5187979153BE9DD000335ED /* JSON.h */ = {isa = PBXFileReference; fileEncoding = 4; lastKnownFileType = sourcecode.c.h; path = JSON.h; sourceTree = "<group>"; };
		A518797A153BE9DD000335ED /* NSObject+SBJSON.h */ = {isa = PBXFileReference; fileEncoding = 4; lastKnownFileType = sourcecode.c.h; path = "NSObject+SBJSON.h"; sourceTree = "<group>"; };
		A518797B153BE9DD000335ED /* NSObject+SBJSON.m */ = {isa = PBXFileReference; fileEncoding = 4; lastKnownFileType = sourcecode.c.objc; path = "NSObject+SBJSON.m"; sourceTree = "<group>"; };
		A518797C153BE9DD000335ED /* NSString+SBJSON.h */ = {isa = PBXFileReference; fileEncoding = 4; lastKnownFileType = sourcecode.c.h; path = "NSString+SBJSON.h"; sourceTree = "<group>"; };
		A518797D153BE9DD000335ED /* NSString+SBJSON.m */ = {isa = PBXFileReference; fileEncoding = 4; lastKnownFileType = sourcecode.c.objc; path = "NSString+SBJSON.m"; sourceTree = "<group>"; };
		A518797E153BE9DD000335ED /* SBJSON.h */ = {isa = PBXFileReference; fileEncoding = 4; lastKnownFileType = sourcecode.c.h; path = SBJSON.h; sourceTree = "<group>"; };
		A518797F153BE9DD000335ED /* SBJSON.m */ = {isa = PBXFileReference; fileEncoding = 4; lastKnownFileType = sourcecode.c.objc; path = SBJSON.m; sourceTree = "<group>"; };
		A5187980153BE9DD000335ED /* SBJsonBase.h */ = {isa = PBXFileReference; fileEncoding = 4; lastKnownFileType = sourcecode.c.h; path = SBJsonBase.h; sourceTree = "<group>"; };
		A5187981153BE9DD000335ED /* SBJsonBase.m */ = {isa = PBXFileReference; fileEncoding = 4; lastKnownFileType = sourcecode.c.objc; path = SBJsonBase.m; sourceTree = "<group>"; };
		A5187982153BE9DD000335ED /* SBJsonParser.h */ = {isa = PBXFileReference; fileEncoding = 4; lastKnownFileType = sourcecode.c.h; path = SBJsonParser.h; sourceTree = "<group>"; };
		A5187983153BE9DD000335ED /* SBJsonParser.m */ = {isa = PBXFileReference; fileEncoding = 4; lastKnownFileType = sourcecode.c.objc; path = SBJsonParser.m; sourceTree = "<group>"; };
		A5187984153BE9DD000335ED /* SBJsonWriter.h */ = {isa = PBXFileReference; fileEncoding = 4; lastKnownFileType = sourcecode.c.h; path = SBJsonWriter.h; sourceTree = "<group>"; };
		A5187985153BE9DD000335ED /* SBJsonWriter.m */ = {isa = PBXFileReference; fileEncoding = 4; lastKnownFileType = sourcecode.c.objc; path = SBJsonWriter.m; sourceTree = "<group>"; };
		A5E0847615382EFA00007A69 /* ZLuvContract.app */ = {isa = PBXFileReference; explicitFileType = wrapper.application; includeInIndex = 0; path = ZLuvContract.app; sourceTree = BUILT_PRODUCTS_DIR; };
		A5E0847A15382EFA00007A69 /* UIKit.framework */ = {isa = PBXFileReference; lastKnownFileType = wrapper.framework; name = UIKit.framework; path = System/Library/Frameworks/UIKit.framework; sourceTree = SDKROOT; };
		A5E0847C15382EFA00007A69 /* Foundation.framework */ = {isa = PBXFileReference; lastKnownFileType = wrapper.framework; name = Foundation.framework; path = System/Library/Frameworks/Foundation.framework; sourceTree = SDKROOT; };
		A5E0847E15382EFA00007A69 /* CoreGraphics.framework */ = {isa = PBXFileReference; lastKnownFileType = wrapper.framework; name = CoreGraphics.framework; path = System/Library/Frameworks/CoreGraphics.framework; sourceTree = SDKROOT; };
		A5E0848015382EFA00007A69 /* CoreData.framework */ = {isa = PBXFileReference; lastKnownFileType = wrapper.framework; name = CoreData.framework; path = System/Library/Frameworks/CoreData.framework; sourceTree = SDKROOT; };
		A5E0848415382EFA00007A69 /* ZLuvContract-Info.plist */ = {isa = PBXFileReference; lastKnownFileType = text.plist.xml; path = "ZLuvContract-Info.plist"; sourceTree = "<group>"; };
		A5E0848615382EFA00007A69 /* en */ = {isa = PBXFileReference; lastKnownFileType = text.plist.strings; name = en; path = en.lproj/InfoPlist.strings; sourceTree = "<group>"; };
		A5E0848815382EFA00007A69 /* ZLuvContract-Prefix.pch */ = {isa = PBXFileReference; lastKnownFileType = sourcecode.c.h; path = "ZLuvContract-Prefix.pch"; sourceTree = "<group>"; };
		A5E0848915382EFA00007A69 /* main.m */ = {isa = PBXFileReference; lastKnownFileType = sourcecode.c.objc; path = main.m; sourceTree = "<group>"; };
		A5E0848B15382EFA00007A69 /* ZLuvContractAppDelegate.h */ = {isa = PBXFileReference; lastKnownFileType = sourcecode.c.h; path = ZLuvContractAppDelegate.h; sourceTree = "<group>"; };
		A5E0848C15382EFA00007A69 /* ZLuvContractAppDelegate.m */ = {isa = PBXFileReference; lastKnownFileType = sourcecode.c.objc; path = ZLuvContractAppDelegate.m; sourceTree = "<group>"; };
		A5E0848F15382EFA00007A69 /* en */ = {isa = PBXFileReference; lastKnownFileType = file.xib; name = en; path = en.lproj/MainWindow.xib; sourceTree = "<group>"; };
		A5E0849215382EFA00007A69 /* ZLuvContract.xcdatamodel */ = {isa = PBXFileReference; lastKnownFileType = wrapper.xcdatamodel; path = ZLuvContract.xcdatamodel; sourceTree = "<group>"; };
		A5E0849915382F1C00007A69 /* RootViewController.h */ = {isa = PBXFileReference; fileEncoding = 4; lastKnownFileType = sourcecode.c.h; path = RootViewController.h; sourceTree = "<group>"; };
		A5E0849A15382F1C00007A69 /* RootViewController.m */ = {isa = PBXFileReference; fileEncoding = 4; lastKnownFileType = sourcecode.c.objc; path = RootViewController.m; sourceTree = "<group>"; };
		A5E084B6153832A800007A69 /* blue.png */ = {isa = PBXFileReference; lastKnownFileType = image.png; path = blue.png; sourceTree = "<group>"; };
		A5E084B7153832A800007A69 /* sepia.png */ = {isa = PBXFileReference; lastKnownFileType = image.png; path = sepia.png; sourceTree = "<group>"; };
		A5E084B9153832A800007A69 /* 1.jpg */ = {isa = PBXFileReference; lastKnownFileType = image.jpeg; path = 1.jpg; sourceTree = "<group>"; };
		A5E084BA153832A800007A69 /* 2.jpeg */ = {isa = PBXFileReference; lastKnownFileType = image.jpeg; path = 2.jpeg; sourceTree = "<group>"; };
		A5E084BB153832A800007A69 /* 3.jpg */ = {isa = PBXFileReference; lastKnownFileType = image.jpeg; path = 3.jpg; sourceTree = "<group>"; };
		A5E084BC153832A800007A69 /* 4.jpg */ = {isa = PBXFileReference; lastKnownFileType = image.jpeg; path = 4.jpg; sourceTree = "<group>"; };
		A5E084BE153832A800007A69 /* bunny.png */ = {isa = PBXFileReference; lastKnownFileType = image.png; path = bunny.png; sourceTree = "<group>"; };
		A5E084BF153832A800007A69 /* heart.png */ = {isa = PBXFileReference; lastKnownFileType = image.png; path = heart.png; sourceTree = "<group>"; };
		A5E084C0153832A800007A69 /* patrickstar.png */ = {isa = PBXFileReference; lastKnownFileType = image.png; path = patrickstar.png; sourceTree = "<group>"; };
		A5E084C1153832A800007A69 /* spongebob.png */ = {isa = PBXFileReference; lastKnownFileType = image.png; path = spongebob.png; sourceTree = "<group>"; };
		A5E084C2153832A800007A69 /* star.png */ = {isa = PBXFileReference; lastKnownFileType = image.png; path = star.png; sourceTree = "<group>"; };
		A5E084CF153839D600007A69 /* FrameViewController.h */ = {isa = PBXFileReference; fileEncoding = 4; lastKnownFileType = sourcecode.c.h; path = FrameViewController.h; sourceTree = "<group>"; };
		A5E084D0153839D600007A69 /* FrameViewController.m */ = {isa = PBXFileReference; fileEncoding = 4; lastKnownFileType = sourcecode.c.objc; path = FrameViewController.m; sourceTree = "<group>"; };
		A5F2F1D515450F1100D7E954 /* GlobalData.h */ = {isa = PBXFileReference; fileEncoding = 4; lastKnownFileType = sourcecode.c.h; path = GlobalData.h; sourceTree = "<group>"; };
		A5F2F1D615450F1100D7E954 /* GlobalData.m */ = {isa = PBXFileReference; fileEncoding = 4; lastKnownFileType = sourcecode.c.objc; path = GlobalData.m; sourceTree = "<group>"; };
/* End PBXFileReference section */

/* Begin PBXFrameworksBuildPhase section */
		A5E0847315382EFA00007A69 /* Frameworks */ = {
			isa = PBXFrameworksBuildPhase;
			buildActionMask = 2147483647;
			files = (
				A5E0847B15382EFA00007A69 /* UIKit.framework in Frameworks */,
				A5E0847D15382EFA00007A69 /* Foundation.framework in Frameworks */,
				A5E0847F15382EFA00007A69 /* CoreGraphics.framework in Frameworks */,
				A5E0848115382EFA00007A69 /* CoreData.framework in Frameworks */,
			);
			runOnlyForDeploymentPostprocessing = 0;
		};
/* End PBXFrameworksBuildPhase section */

/* Begin PBXGroup section */
		A518796D153BE9DD000335ED /* FBConnect */ = {
			isa = PBXGroup;
			children = (
				A518796E153BE9DD000335ED /* Facebook.h */,
				A518796F153BE9DD000335ED /* Facebook.m */,
				A5187970153BE9DD000335ED /* FBConnect.h */,
				A5187971153BE9DD000335ED /* FBDialog.bundle */,
				A5187972153BE9DD000335ED /* FBDialog.h */,
				A5187973153BE9DD000335ED /* FBDialog.m */,
				A5187974153BE9DD000335ED /* FBLoginDialog.h */,
				A5187975153BE9DD000335ED /* FBLoginDialog.m */,
				A5187976153BE9DD000335ED /* FBRequest.h */,
				A5187977153BE9DD000335ED /* FBRequest.m */,
				A5187978153BE9DD000335ED /* JSON */,
			);
			path = FBConnect;
			sourceTree = "<group>";
		};
		A5187978153BE9DD000335ED /* JSON */ = {
			isa = PBXGroup;
			children = (
				A5187979153BE9DD000335ED /* JSON.h */,
				A518797A153BE9DD000335ED /* NSObject+SBJSON.h */,
				A518797B153BE9DD000335ED /* NSObject+SBJSON.m */,
				A518797C153BE9DD000335ED /* NSString+SBJSON.h */,
				A518797D153BE9DD000335ED /* NSString+SBJSON.m */,
				A518797E153BE9DD000335ED /* SBJSON.h */,
				A518797F153BE9DD000335ED /* SBJSON.m */,
				A5187980153BE9DD000335ED /* SBJsonBase.h */,
				A5187981153BE9DD000335ED /* SBJsonBase.m */,
				A5187982153BE9DD000335ED /* SBJsonParser.h */,
				A5187983153BE9DD000335ED /* SBJsonParser.m */,
				A5187984153BE9DD000335ED /* SBJsonWriter.h */,
				A5187985153BE9DD000335ED /* SBJsonWriter.m */,
			);
			path = JSON;
			sourceTree = "<group>";
		};
		A5E0846B15382EFA00007A69 = {
			isa = PBXGroup;
			children = (
				A5E0848215382EFA00007A69 /* ZLuvContract */,
				A5E0847915382EFA00007A69 /* Frameworks */,
				A5E0847715382EFA00007A69 /* Products */,
			);
			sourceTree = "<group>";
		};
		A5E0847715382EFA00007A69 /* Products */ = {
			isa = PBXGroup;
			children = (
				A5E0847615382EFA00007A69 /* ZLuvContract.app */,
			);
			name = Products;
			sourceTree = "<group>";
		};
		A5E0847915382EFA00007A69 /* Frameworks */ = {
			isa = PBXGroup;
			children = (
				A5E0847A15382EFA00007A69 /* UIKit.framework */,
				A5E0847C15382EFA00007A69 /* Foundation.framework */,
				A5E0847E15382EFA00007A69 /* CoreGraphics.framework */,
				A5E0848015382EFA00007A69 /* CoreData.framework */,
			);
			name = Frameworks;
			sourceTree = "<group>";
		};
		A5E0848215382EFA00007A69 /* ZLuvContract */ = {
			isa = PBXGroup;
			children = (
				A5F2F1D415450F1100D7E954 /* GlobalData */,
				A518796D153BE9DD000335ED /* FBConnect */,
				A5E0848B15382EFA00007A69 /* ZLuvContractAppDelegate.h */,
				A5E0848C15382EFA00007A69 /* ZLuvContractAppDelegate.m */,
				A5E0849915382F1C00007A69 /* RootViewController.h */,
				A5E0849A15382F1C00007A69 /* RootViewController.m */,
				A5E084CF153839D600007A69 /* FrameViewController.h */,
				A5E084D0153839D600007A69 /* FrameViewController.m */,
				A5E0848315382EFA00007A69 /* Supporting Files */,
			);
			path = ZLuvContract;
			sourceTree = "<group>";
		};
		A5E0848315382EFA00007A69 /* Supporting Files */ = {
			isa = PBXGroup;
			children = (
				A5E0848E15382EFA00007A69 /* MainWindow.xib */,
				A5E0849115382EFA00007A69 /* ZLuvContract.xcdatamodeld */,
				A5E084B4153832A800007A69 /* images */,
				A5E0848415382EFA00007A69 /* ZLuvContract-Info.plist */,
				A5E0848515382EFA00007A69 /* InfoPlist.strings */,
				A5E0848815382EFA00007A69 /* ZLuvContract-Prefix.pch */,
				A5E0848915382EFA00007A69 /* main.m */,
			);
			name = "Supporting Files";
			sourceTree = "<group>";
		};
		A5E084B4153832A800007A69 /* images */ = {
			isa = PBXGroup;
			children = (
				A5E084B5153832A800007A69 /* filters */,
				A5E084B8153832A800007A69 /* frames */,
				A5E084BD153832A800007A69 /* stickers */,
			);
			path = images;
			sourceTree = "<group>";
		};
		A5E084B5153832A800007A69 /* filters */ = {
			isa = PBXGroup;
			children = (
				A5E084B6153832A800007A69 /* blue.png */,
				A5E084B7153832A800007A69 /* sepia.png */,
			);
			path = filters;
			sourceTree = "<group>";
		};
		A5E084B8153832A800007A69 /* frames */ = {
			isa = PBXGroup;
			children = (
				A5E084B9153832A800007A69 /* 1.jpg */,
				A5E084BA153832A800007A69 /* 2.jpeg */,
				A5E084BB153832A800007A69 /* 3.jpg */,
				A5E084BC153832A800007A69 /* 4.jpg */,
			);
			path = frames;
			sourceTree = "<group>";
		};
		A5E084BD153832A800007A69 /* stickers */ = {
			isa = PBXGroup;
			children = (
				A5E084BE153832A800007A69 /* bunny.png */,
				A5E084BF153832A800007A69 /* heart.png */,
				A5E084C0153832A800007A69 /* patrickstar.png */,
				A5E084C1153832A800007A69 /* spongebob.png */,
				A5E084C2153832A800007A69 /* star.png */,
			);
			path = stickers;
			sourceTree = "<group>";
		};
		A5F2F1D415450F1100D7E954 /* GlobalData */ = {
			isa = PBXGroup;
			children = (
				A5F2F1D515450F1100D7E954 /* GlobalData.h */,
				A5F2F1D615450F1100D7E954 /* GlobalData.m */,
			);
			path = GlobalData;
			sourceTree = "<group>";
		};
/* End PBXGroup section */

/* Begin PBXNativeTarget section */
		A5E0847515382EFA00007A69 /* ZLuvContract */ = {
			isa = PBXNativeTarget;
			buildConfigurationList = A5E0849615382EFA00007A69 /* Build configuration list for PBXNativeTarget "ZLuvContract" */;
			buildPhases = (
				A5E0847215382EFA00007A69 /* Sources */,
				A5E0847315382EFA00007A69 /* Frameworks */,
				A5E0847415382EFA00007A69 /* Resources */,
			);
			buildRules = (
			);
			dependencies = (
			);
			name = ZLuvContract;
			productName = ZLuvContract;
			productReference = A5E0847615382EFA00007A69 /* ZLuvContract.app */;
			productType = "com.apple.product-type.application";
		};
/* End PBXNativeTarget section */

/* Begin PBXProject section */
		A5E0846D15382EFA00007A69 /* Project object */ = {
			isa = PBXProject;
			attributes = {
				ORGANIZATIONNAME = "NMG Resources, Inc.";
			};
			buildConfigurationList = A5E0847015382EFA00007A69 /* Build configuration list for PBXProject "ZLuvContract" */;
			compatibilityVersion = "Xcode 3.2";
			developmentRegion = English;
			hasScannedForEncodings = 0;
			knownRegions = (
				en,
			);
			mainGroup = A5E0846B15382EFA00007A69;
			productRefGroup = A5E0847715382EFA00007A69 /* Products */;
			projectDirPath = "";
			projectRoot = "";
			targets = (
				A5E0847515382EFA00007A69 /* ZLuvContract */,
			);
		};
/* End PBXProject section */

/* Begin PBXResourcesBuildPhase section */
		A5E0847415382EFA00007A69 /* Resources */ = {
			isa = PBXResourcesBuildPhase;
			buildActionMask = 2147483647;
			files = (
				A5E0848715382EFA00007A69 /* InfoPlist.strings in Resources */,
				A5E0849015382EFA00007A69 /* MainWindow.xib in Resources */,
				A5E084C3153832A800007A69 /* blue.png in Resources */,
				A5E084C4153832A800007A69 /* sepia.png in Resources */,
				A5E084C5153832A800007A69 /* 1.jpg in Resources */,
				A5E084C6153832A800007A69 /* 2.jpeg in Resources */,
				A5E084C7153832A800007A69 /* 3.jpg in Resources */,
				A5E084C8153832A800007A69 /* 4.jpg in Resources */,
				A5E084C9153832A800007A69 /* bunny.png in Resources */,
				A5E084CA153832A800007A69 /* heart.png in Resources */,
				A5E084CB153832A800007A69 /* patrickstar.png in Resources */,
				A5E084CC153832A800007A69 /* spongebob.png in Resources */,
				A5E084CD153832A800007A69 /* star.png in Resources */,
				A5187987153BE9DD000335ED /* FBDialog.bundle in Resources */,
			);
			runOnlyForDeploymentPostprocessing = 0;
		};
/* End PBXResourcesBuildPhase section */

/* Begin PBXSourcesBuildPhase section */
		A5E0847215382EFA00007A69 /* Sources */ = {
			isa = PBXSourcesBuildPhase;
			buildActionMask = 2147483647;
			files = (
				A5E0848A15382EFA00007A69 /* main.m in Sources */,
				A5E0848D15382EFA00007A69 /* ZLuvContractAppDelegate.m in Sources */,
				A5E0849315382EFA00007A69 /* ZLuvContract.xcdatamodeld in Sources */,
				A5E0849B15382F1C00007A69 /* RootViewController.m in Sources */,
				A5E084D1153839D600007A69 /* FrameViewController.m in Sources */,
				A5187986153BE9DD000335ED /* Facebook.m in Sources */,
				A5187988153BE9DD000335ED /* FBDialog.m in Sources */,
				A5187989153BE9DD000335ED /* FBLoginDialog.m in Sources */,
				A518798A153BE9DD000335ED /* FBRequest.m in Sources */,
				A518798B153BE9DD000335ED /* NSObject+SBJSON.m in Sources */,
				A518798C153BE9DD000335ED /* NSString+SBJSON.m in Sources */,
				A518798D153BE9DD000335ED /* SBJSON.m in Sources */,
				A518798E153BE9DD000335ED /* SBJsonBase.m in Sources */,
				A518798F153BE9DD000335ED /* SBJsonParser.m in Sources */,
				A5187990153BE9DD000335ED /* SBJsonWriter.m in Sources */,
				A5F2F1D715450F1100D7E954 /* GlobalData.m in Sources */,
			);
			runOnlyForDeploymentPostprocessing = 0;
		};
/* End PBXSourcesBuildPhase section */

/* Begin PBXVariantGroup section */
		A5E0848515382EFA00007A69 /* InfoPlist.strings */ = {
			isa = PBXVariantGroup;
			children = (
				A5E0848615382EFA00007A69 /* en */,
			);
			name = InfoPlist.strings;
			sourceTree = "<group>";
		};
		A5E0848E15382EFA00007A69 /* MainWindow.xib */ = {
			isa = PBXVariantGroup;
			children = (
				A5E0848F15382EFA00007A69 /* en */,
			);
			name = MainWindow.xib;
			sourceTree = "<group>";
		};
/* End PBXVariantGroup section */

/* Begin XCBuildConfiguration section */
		A5E0849415382EFA00007A69 /* Debug */ = {
			isa = XCBuildConfiguration;
			buildSettings = {
				ARCHS = "$(ARCHS_STANDARD_32_BIT)";
				"CODE_SIGN_IDENTITY[sdk=iphoneos*]" = "iPhone Developer";
				GCC_C_LANGUAGE_STANDARD = gnu99;
				GCC_OPTIMIZATION_LEVEL = 0;
				GCC_PREPROCESSOR_DEFINITIONS = DEBUG;
				GCC_SYMBOLS_PRIVATE_EXTERN = NO;
				GCC_VERSION = com.apple.compilers.llvmgcc42;
				GCC_WARN_ABOUT_RETURN_TYPE = YES;
				GCC_WARN_UNUSED_VARIABLE = YES;
				IPHONEOS_DEPLOYMENT_TARGET = 4.3;
				SDKROOT = iphoneos;
			};
			name = Debug;
		};
		A5E0849515382EFA00007A69 /* Release */ = {
			isa = XCBuildConfiguration;
			buildSettings = {
				ARCHS = "$(ARCHS_STANDARD_32_BIT)";
				"CODE_SIGN_IDENTITY[sdk=iphoneos*]" = "iPhone Developer";
				GCC_C_LANGUAGE_STANDARD = gnu99;
				GCC_VERSION = com.apple.compilers.llvmgcc42;
				GCC_WARN_ABOUT_RETURN_TYPE = YES;
				GCC_WARN_UNUSED_VARIABLE = YES;
				IPHONEOS_DEPLOYMENT_TARGET = 4.3;
				OTHER_CFLAGS = "-DNS_BLOCK_ASSERTIONS=1";
				SDKROOT = iphoneos;
			};
			name = Release;
		};
		A5E0849715382EFA00007A69 /* Debug */ = {
			isa = XCBuildConfiguration;
			buildSettings = {
				ALWAYS_SEARCH_USER_PATHS = NO;
				COPY_PHASE_STRIP = NO;
				GCC_DYNAMIC_NO_PIC = NO;
				GCC_PRECOMPILE_PREFIX_HEADER = YES;
				GCC_PREFIX_HEADER = "ZLuvContract/ZLuvContract-Prefix.pch";
				INFOPLIST_FILE = "ZLuvContract/ZLuvContract-Info.plist";
				PRODUCT_NAME = "$(TARGET_NAME)";
				WRAPPER_EXTENSION = app;
			};
			name = Debug;
		};
		A5E0849815382EFA00007A69 /* Release */ = {
			isa = XCBuildConfiguration;
			buildSettings = {
				ALWAYS_SEARCH_USER_PATHS = NO;
				COPY_PHASE_STRIP = YES;
				GCC_PRECOMPILE_PREFIX_HEADER = YES;
				GCC_PREFIX_HEADER = "ZLuvContract/ZLuvContract-Prefix.pch";
				INFOPLIST_FILE = "ZLuvContract/ZLuvContract-Info.plist";
				PRODUCT_NAME = "$(TARGET_NAME)";
				VALIDATE_PRODUCT = YES;
				WRAPPER_EXTENSION = app;
			};
			name = Release;
		};
/* End XCBuildConfiguration section */

/* Begin XCConfigurationList section */
		A5E0847015382EFA00007A69 /* Build configuration list for PBXProject "ZLuvContract" */ = {
			isa = XCConfigurationList;
			buildConfigurations = (
				A5E0849415382EFA00007A69 /* Debug */,
				A5E0849515382EFA00007A69 /* Release */,
			);
			defaultConfigurationIsVisible = 0;
			defaultConfigurationName = Release;
		};
		A5E0849615382EFA00007A69 /* Build configuration list for PBXNativeTarget "ZLuvContract" */ = {
			isa = XCConfigurationList;
			buildConfigurations = (
				A5E0849715382EFA00007A69 /* Debug */,
				A5E0849815382EFA00007A69 /* Release */,
			);
			defaultConfigurationIsVisible = 0;
			defaultConfigurationName = Release;
		};
/* End XCConfigurationList section */

/* Begin XCVersionGroup section */
		A5E0849115382EFA00007A69 /* ZLuvContract.xcdatamodeld */ = {
			isa = XCVersionGroup;
			children = (
				A5E0849215382EFA00007A69 /* ZLuvContract.xcdatamodel */,
			);
			currentVersion = A5E0849215382EFA00007A69 /* ZLuvContract.xcdatamodel */;
			path = ZLuvContract.xcdatamodeld;
			sourceTree = "<group>";
			versionGroupType = wrapper.xcdatamodel;
		};
/* End XCVersionGroup section */
	};
	rootObject = A5E0846D15382EFA00007A69 /* Project object */;
}
